
Microsoft Visual Studio Solution File, Format Version 12.00
# Visual Studio Version 17
VisualStudioVersion = 17.7.34009.444
MinimumVisualStudioVersion = 10.0.40219.1
Project("{FAE04EC0-301F-11D3-BF4B-00C04F79EFBC}") = "operatorler", "operatorler\operatorler.csproj", "{1E7E5D7E-0FCE-4D8E-B6AF-28305598E6DD}"
EndProject
Global
	GlobalSection(SolutionConfigurationPlatforms) = preSolution
		Debug|Any CPU = Debug|Any CPU
		Release|Any CPU = Release|Any CPU
	EndGlobalSection
	GlobalSection(ProjectConfigurationPlatforms) = postSolution
		{1E7E5D7E-0FCE-4D8E-B6AF-28305598E6DD}.Debug|Any CPU.ActiveCfg = Debug|Any CPU
		{1E7E5D7E-0FCE-4D8E-B6AF-28305598E6DD}.Debug|Any CPU.Build.0 = Debug|Any CPU
		{1E7E5D7E-0FCE-4D8E-B6AF-28305598E6DD}.Release|Any CPU.ActiveCfg = Release|Any CPU
		{1E7E5D7E-0FCE-4D8E-B6AF-28305598E6DD}.Release|Any CPU.Build.0 = Release|Any CPU
	EndGlobalSection
	GlobalSection(SolutionProperties) = preSolution
		HideSolutionNode = FALSE
	EndGlobalSection
	GlobalSection(ExtensibilityGlobals) = postSolution
		SolutionGuid = {B966DD6F-7C81-4F1E-8D69-917EC35F9F48}
	EndGlobalSection
EndGlobal
